
Microsoft Visual Studio Solution File, Format Version 12.00
# Visual Studio 15
VisualStudioVersion = 15.0.27703.2000
MinimumVisualStudioVersion = 10.0.40219.1
Project("{FAE04EC0-301F-11D3-BF4B-00C04F79EFBC}") = "Kdock", "Kdock\Kdock.csproj", "{A378F2AA-07FB-47D0-BCDA-6AA71FA54F62}"
EndProject
Global
	GlobalSection(SolutionConfigurationPlatforms) = preSolution
		Debug|Any CPU = Debug|Any CPU
		Release|Any CPU = Release|Any CPU
	EndGlobalSection
	GlobalSection(ProjectConfigurationPlatforms) = postSolution
		{A378F2AA-07FB-47D0-BCDA-6AA71FA54F62}.Debug|Any CPU.ActiveCfg = Debug|Any CPU
		{A378F2AA-07FB-47D0-BCDA-6AA71FA54F62}.Debug|Any CPU.Build.0 = Debug|Any CPU
		{A378F2AA-07FB-47D0-BCDA-6AA71FA54F62}.Release|Any CPU.ActiveCfg = Release|Any CPU
		{A378F2AA-07FB-47D0-BCDA-6AA71FA54F62}.Release|Any CPU.Build.0 = Release|Any CPU
	EndGlobalSection
	GlobalSection(SolutionProperties) = preSolution
		HideSolutionNode = FALSE
	EndGlobalSection
	GlobalSection(ExtensibilityGlobals) = postSolution
		SolutionGuid = {618660F4-D87B-4546-88FF-27A6E37137A6}
	EndGlobalSection
EndGlobal
